// !$*UTF8*$!
{
	archiveVersion = 1;
	classes = {
	};
	objectVersion = 50;
	objects = {

/* Begin PBXBuildFile section */
		21048F2F22A75AA5006379FD /* AppDelegate.swift in Sources */ = {isa = PBXBuildFile; fileRef = 21048F2E22A75AA5006379FD /* AppDelegate.swift */; };
		21048F3122A75AA5006379FD /* ViewController.swift in Sources */ = {isa = PBXBuildFile; fileRef = 21048F3022A75AA5006379FD /* ViewController.swift */; };
		21048F3422A75AA5006379FD /* Main.storyboard in Resources */ = {isa = PBXBuildFile; fileRef = 21048F3222A75AA5006379FD /* Main.storyboard */; };
		21048F3622A75AA7006379FD /* Assets.xcassets in Resources */ = {isa = PBXBuildFile; fileRef = 21048F3522A75AA7006379FD /* Assets.xcassets */; };
		21048F3922A75AA7006379FD /* LaunchScreen.storyboard in Resources */ = {isa = PBXBuildFile; fileRef = 21048F3722A75AA7006379FD /* LaunchScreen.storyboard */; };
		21048F4422A75AA7006379FD /* FoodTrackerTests.swift in Sources */ = {isa = PBXBuildFile; fileRef = 21048F4322A75AA7006379FD /* FoodTrackerTests.swift */; };
		21048F4F22A75AA7006379FD /* FoodTrackerUITests.swift in Sources */ = {isa = PBXBuildFile; fileRef = 21048F4E22A75AA7006379FD /* FoodTrackerUITests.swift */; };
		81E9B1AA22AE452000F6328E /* RatingControl.swift in Sources */ = {isa = PBXBuildFile; fileRef = 81E9B1A922AE452000F6328E /* RatingControl.swift */; };
/* End PBXBuildFile section */

/* Begin PBXContainerItemProxy section */
		21048F4022A75AA7006379FD /* PBXContainerItemProxy */ = {
			isa = PBXContainerItemProxy;
			containerPortal = 21048F2322A75AA5006379FD /* Project object */;
			proxyType = 1;
			remoteGlobalIDString = 21048F2A22A75AA5006379FD;
			remoteInfo = FoodTracker;
		};
		21048F4B22A75AA7006379FD /* PBXContainerItemProxy */ = {
			isa = PBXContainerItemProxy;
			containerPortal = 21048F2322A75AA5006379FD /* Project object */;
			proxyType = 1;
			remoteGlobalIDString = 21048F2A22A75AA5006379FD;
			remoteInfo = FoodTracker;
		};
/* End PBXContainerItemProxy section */

/* Begin PBXFileReference section */
		21048F2B22A75AA5006379FD /* FoodTracker.app */ = {isa = PBXFileReference; explicitFileType = wrapper.application; includeInIndex = 0; path = FoodTracker.app; sourceTree = BUILT_PRODUCTS_DIR; };
		21048F2E22A75AA5006379FD /* AppDelegate.swift */ = {isa = PBXFileReference; lastKnownFileType = sourcecode.swift; path = AppDelegate.swift; sourceTree = "<group>"; };
		21048F3022A75AA5006379FD /* ViewController.swift */ = {isa = PBXFileReference; lastKnownFileType = sourcecode.swift; path = ViewController.swift; sourceTree = "<group>"; };
		21048F3322A75AA5006379FD /* Base */ = {isa = PBXFileReference; lastKnownFileType = file.storyboard; name = Base; path = Base.lproj/Main.storyboard; sourceTree = "<group>"; };
		21048F3522A75AA7006379FD /* Assets.xcassets */ = {isa = PBXFileReference; lastKnownFileType = folder.assetcatalog; path = Assets.xcassets; sourceTree = "<group>"; };
		21048F3822A75AA7006379FD /* Base */ = {isa = PBXFileReference; lastKnownFileType = file.storyboard; name = Base; path = Base.lproj/LaunchScreen.storyboard; sourceTree = "<group>"; };
		21048F3A22A75AA7006379FD /* Info.plist */ = {isa = PBXFileReference; lastKnownFileType = text.plist.xml; path = Info.plist; sourceTree = "<group>"; };
		21048F3F22A75AA7006379FD /* FoodTrackerTests.xctest */ = {isa = PBXFileReference; explicitFileType = wrapper.cfbundle; includeInIndex = 0; path = FoodTrackerTests.xctest; sourceTree = BUILT_PRODUCTS_DIR; };
		21048F4322A75AA7006379FD /* FoodTrackerTests.swift */ = {isa = PBXFileReference; lastKnownFileType = sourcecode.swift; path = FoodTrackerTests.swift; sourceTree = "<group>"; };
		21048F4522A75AA7006379FD /* Info.plist */ = {isa = PBXFileReference; lastKnownFileType = text.plist.xml; path = Info.plist; sourceTree = "<group>"; };
		21048F4A22A75AA7006379FD /* FoodTrackerUITests.xctest */ = {isa = PBXFileReference; explicitFileType = wrapper.cfbundle; includeInIndex = 0; path = FoodTrackerUITests.xctest; sourceTree = BUILT_PRODUCTS_DIR; };
		21048F4E22A75AA7006379FD /* FoodTrackerUITests.swift */ = {isa = PBXFileReference; lastKnownFileType = sourcecode.swift; path = FoodTrackerUITests.swift; sourceTree = "<group>"; };
		21048F5022A75AA7006379FD /* Info.plist */ = {isa = PBXFileReference; lastKnownFileType = text.plist.xml; path = Info.plist; sourceTree = "<group>"; };
		81E9B1A922AE452000F6328E /* RatingControl.swift */ = {isa = PBXFileReference; lastKnownFileType = sourcecode.swift; path = RatingControl.swift; sourceTree = "<group>"; };
/* End PBXFileReference section */

/* Begin PBXFrameworksBuildPhase section */
		21048F2822A75AA5006379FD /* Frameworks */ = {
			isa = PBXFrameworksBuildPhase;
			buildActionMask = 2147483647;
			files = (
			);
			runOnlyForDeploymentPostprocessing = 0;
		};
		21048F3C22A75AA7006379FD /* Frameworks */ = {
			isa = PBXFrameworksBuildPhase;
			buildActionMask = 2147483647;
			files = (
			);
			runOnlyForDeploymentPostprocessing = 0;
		};
		21048F4722A75AA7006379FD /* Frameworks */ = {
			isa = PBXFrameworksBuildPhase;
			buildActionMask = 2147483647;
			files = (
			);
			runOnlyForDeploymentPostprocessing = 0;
		};
/* End PBXFrameworksBuildPhase section */

/* Begin PBXGroup section */
		21048F2222A75AA5006379FD = {
			isa = PBXGroup;
			children = (
				21048F2D22A75AA5006379FD /* FoodTracker */,
				21048F4222A75AA7006379FD /* FoodTrackerTests */,
				21048F4D22A75AA7006379FD /* FoodTrackerUITests */,
				21048F2C22A75AA5006379FD /* Products */,
			);
			sourceTree = "<group>";
		};
		21048F2C22A75AA5006379FD /* Products */ = {
			isa = PBXGroup;
			children = (
				21048F2B22A75AA5006379FD /* FoodTracker.app */,
				21048F3F22A75AA7006379FD /* FoodTrackerTests.xctest */,
				21048F4A22A75AA7006379FD /* FoodTrackerUITests.xctest */,
			);
			name = Products;
			sourceTree = "<group>";
		};
		21048F2D22A75AA5006379FD /* FoodTracker */ = {
			isa = PBXGroup;
			children = (
				21048F2E22A75AA5006379FD /* AppDelegate.swift */,
				21048F3022A75AA5006379FD /* ViewController.swift */,
				21048F3222A75AA5006379FD /* Main.storyboard */,
				81E9B1A922AE452000F6328E /* RatingControl.swift */,
				21048F3522A75AA7006379FD /* Assets.xcassets */,
				21048F3722A75AA7006379FD /* LaunchScreen.storyboard */,
				21048F3A22A75AA7006379FD /* Info.plist */,
			);
			path = FoodTracker;
			sourceTree = "<group>";
		};
		21048F4222A75AA7006379FD /* FoodTrackerTests */ = {
			isa = PBXGroup;
			children = (
				21048F4322A75AA7006379FD /* FoodTrackerTests.swift */,
				21048F4522A75AA7006379FD /* Info.plist */,
			);
			path = FoodTrackerTests;
			sourceTree = "<group>";
		};
		21048F4D22A75AA7006379FD /* FoodTrackerUITests */ = {
			isa = PBXGroup;
			children = (
				21048F4E22A75AA7006379FD /* FoodTrackerUITests.swift */,
				21048F5022A75AA7006379FD /* Info.plist */,
			);
			path = FoodTrackerUITests;
			sourceTree = "<group>";
		};
/* End PBXGroup section */

/* Begin PBXNativeTarget section */
		21048F2A22A75AA5006379FD /* FoodTracker */ = {
			isa = PBXNativeTarget;
			buildConfigurationList = 21048F5322A75AA7006379FD /* Build configuration list for PBXNativeTarget "FoodTracker" */;
			buildPhases = (
				21048F2722A75AA5006379FD /* Sources */,
				21048F2822A75AA5006379FD /* Frameworks */,
				21048F2922A75AA5006379FD /* Resources */,
			);
			buildRules = (
			);
			dependencies = (
			);
			name = FoodTracker;
			productName = FoodTracker;
			productReference = 21048F2B22A75AA5006379FD /* FoodTracker.app */;
			productType = "com.apple.product-type.application";
		};
		21048F3E22A75AA7006379FD /* FoodTrackerTests */ = {
			isa = PBXNativeTarget;
			buildConfigurationList = 21048F5622A75AA7006379FD /* Build configuration list for PBXNativeTarget "FoodTrackerTests" */;
			buildPhases = (
				21048F3B22A75AA7006379FD /* Sources */,
				21048F3C22A75AA7006379FD /* Frameworks */,
				21048F3D22A75AA7006379FD /* Resources */,
			);
			buildRules = (
			);
			dependencies = (
				21048F4122A75AA7006379FD /* PBXTargetDependency */,
			);
			name = FoodTrackerTests;
			productName = FoodTrackerTests;
			productReference = 21048F3F22A75AA7006379FD /* FoodTrackerTests.xctest */;
			productType = "com.apple.product-type.bundle.unit-test";
		};
		21048F4922A75AA7006379FD /* FoodTrackerUITests */ = {
			isa = PBXNativeTarget;
			buildConfigurationList = 21048F5922A75AA7006379FD /* Build configuration list for PBXNativeTarget "FoodTrackerUITests" */;
			buildPhases = (
				21048F4622A75AA7006379FD /* Sources */,
				21048F4722A75AA7006379FD /* Frameworks */,
				21048F4822A75AA7006379FD /* Resources */,
			);
			buildRules = (
			);
			dependencies = (
				21048F4C22A75AA7006379FD /* PBXTargetDependency */,
			);
			name = FoodTrackerUITests;
			productName = FoodTrackerUITests;
			productReference = 21048F4A22A75AA7006379FD /* FoodTrackerUITests.xctest */;
			productType = "com.apple.product-type.bundle.ui-testing";
		};
/* End PBXNativeTarget section */

/* Begin PBXProject section */
		21048F2322A75AA5006379FD /* Project object */ = {
			isa = PBXProject;
			attributes = {
				LastSwiftUpdateCheck = 1020;
				LastUpgradeCheck = 1020;
				ORGANIZATIONNAME = Archie;
				TargetAttributes = {
					21048F2A22A75AA5006379FD = {
						CreatedOnToolsVersion = 10.2.1;
					};
					21048F3E22A75AA7006379FD = {
						CreatedOnToolsVersion = 10.2.1;
						TestTargetID = 21048F2A22A75AA5006379FD;
					};
					21048F4922A75AA7006379FD = {
						CreatedOnToolsVersion = 10.2.1;
						TestTargetID = 21048F2A22A75AA5006379FD;
					};
				};
			};
			buildConfigurationList = 21048F2622A75AA5006379FD /* Build configuration list for PBXProject "FoodTracker" */;
			compatibilityVersion = "Xcode 9.3";
			developmentRegion = en;
			hasScannedForEncodings = 0;
			knownRegions = (
				en,
				Base,
			);
			mainGroup = 21048F2222A75AA5006379FD;
			productRefGroup = 21048F2C22A75AA5006379FD /* Products */;
			projectDirPath = "";
			projectRoot = "";
			targets = (
				21048F2A22A75AA5006379FD /* FoodTracker */,
				21048F3E22A75AA7006379FD /* FoodTrackerTests */,
				21048F4922A75AA7006379FD /* FoodTrackerUITests */,
			);
		};
/* End PBXProject section */

/* Begin PBXResourcesBuildPhase section */
		21048F2922A75AA5006379FD /* Resources */ = {
			isa = PBXResourcesBuildPhase;
			buildActionMask = 2147483647;
			files = (
				21048F3922A75AA7006379FD /* LaunchScreen.storyboard in Resources */,
				21048F3622A75AA7006379FD /* Assets.xcassets in Resources */,
				21048F3422A75AA5006379FD /* Main.storyboard in Resources */,
			);
			runOnlyForDeploymentPostprocessing = 0;
		};
		21048F3D22A75AA7006379FD /* Resources */ = {
			isa = PBXResourcesBuildPhase;
			buildActionMask = 2147483647;
			files = (
			);
			runOnlyForDeploymentPostprocessing = 0;
		};
		21048F4822A75AA7006379FD /* Resources */ = {
			isa = PBXResourcesBuildPhase;
			buildActionMask = 2147483647;
			files = (
			);
			runOnlyForDeploymentPostprocessing = 0;
		};
/* End PBXResourcesBuildPhase section */

/* Begin PBXSourcesBuildPhase section */
		21048F2722A75AA5006379FD /* Sources */ = {
			isa = PBXSourcesBuildPhase;
			buildActionMask = 2147483647;
			files = (
				21048F3122A75AA5006379FD /* ViewController.swift in Sources */,
				81E9B1AA22AE452000F6328E /* RatingControl.swift in Sources */,
				21048F2F22A75AA5006379FD /* AppDelegate.swift in Sources */,
			);
			runOnlyForDeploymentPostprocessing = 0;
		};
		21048F3B22A75AA7006379FD /* Sources */ = {
			isa = PBXSourcesBuildPhase;
			buildActionMask = 2147483647;
			files = (
				21048F4422A75AA7006379FD /* FoodTrackerTests.swift in Sources */,
			);
			runOnlyForDeploymentPostprocessing = 0;
		};
		21048F4622A75AA7006379FD /* Sources */ = {
			isa = PBXSourcesBuildPhase;
			buildActionMask = 2147483647;
			files = (
				21048F4F22A75AA7006379FD /* FoodTrackerUITests.swift in Sources */,
			);
			runOnlyForDeploymentPostprocessing = 0;
		};
/* End PBXSourcesBuildPhase section */

/* Begin PBXTargetDependency section */
		21048F4122A75AA7006379FD /* PBXTargetDependency */ = {
			isa = PBXTargetDependency;
			target = 21048F2A22A75AA5006379FD /* FoodTracker */;
			targetProxy = 21048F4022A75AA7006379FD /* PBXContainerItemProxy */;
		};
		21048F4C22A75AA7006379FD /* PBXTargetDependency */ = {
			isa = PBXTargetDependency;
			target = 21048F2A22A75AA5006379FD /* FoodTracker */;
			targetProxy = 21048F4B22A75AA7006379FD /* PBXContainerItemProxy */;
		};
/* End PBXTargetDependency section */

/* Begin PBXVariantGroup section */
		21048F3222A75AA5006379FD /* Main.storyboard */ = {
			isa = PBXVariantGroup;
			children = (
				21048F3322A75AA5006379FD /* Base */,
			);
			name = Main.storyboard;
			sourceTree = "<group>";
		};
		21048F3722A75AA7006379FD /* LaunchScreen.storyboard */ = {
			isa = PBXVariantGroup;
			children = (
				21048F3822A75AA7006379FD /* Base */,
			);
			name = LaunchScreen.storyboard;
			sourceTree = "<group>";
		};
/* End PBXVariantGroup section */

/* Begin XCBuildConfiguration section */
		21048F5122A75AA7006379FD /* Debug */ = {
			isa = XCBuildConfiguration;
			buildSettings = {
				ALWAYS_SEARCH_USER_PATHS = NO;
				CLANG_ANALYZER_NONNULL = YES;
				CLANG_ANALYZER_NUMBER_OBJECT_CONVERSION = YES_AGGRESSIVE;
				CLANG_CXX_LANGUAGE_STANDARD = "gnu++14";
				CLANG_CXX_LIBRARY = "libc++";
				CLANG_ENABLE_MODULES = YES;
				CLANG_ENABLE_OBJC_ARC = YES;
				CLANG_ENABLE_OBJC_WEAK = YES;
				CLANG_WARN_BLOCK_CAPTURE_AUTORELEASING = YES;
				CLANG_WARN_BOOL_CONVERSION = YES;
				CLANG_WARN_COMMA = YES;
				CLANG_WARN_CONSTANT_CONVERSION = YES;
				CLANG_WARN_DEPRECATED_OBJC_IMPLEMENTATIONS = YES;
				CLANG_WARN_DIRECT_OBJC_ISA_USAGE = YES_ERROR;
				CLANG_WARN_DOCUMENTATION_COMMENTS = YES;
				CLANG_WARN_EMPTY_BODY = YES;
				CLANG_WARN_ENUM_CONVERSION = YES;
				CLANG_WARN_INFINITE_RECURSION = YES;
				CLANG_WARN_INT_CONVERSION = YES;
				CLANG_WARN_NON_LITERAL_NULL_CONVERSION = YES;
				CLANG_WARN_OBJC_IMPLICIT_RETAIN_SELF = YES;
				CLANG_WARN_OBJC_LITERAL_CONVERSION = YES;
				CLANG_WARN_OBJC_ROOT_CLASS = YES_ERROR;
				CLANG_WARN_RANGE_LOOP_ANALYSIS = YES;
				CLANG_WARN_STRICT_PROTOTYPES = YES;
				CLANG_WARN_SUSPICIOUS_MOVE = YES;
				CLANG_WARN_UNGUARDED_AVAILABILITY = YES_AGGRESSIVE;
				CLANG_WARN_UNREACHABLE_CODE = YES;
				CLANG_WARN__DUPLICATE_METHOD_MATCH = YES;
				CODE_SIGN_IDENTITY = "iPhone Developer";
				COPY_PHASE_STRIP = NO;
				DEBUG_INFORMATION_FORMAT = dwarf;
				ENABLE_STRICT_OBJC_MSGSEND = YES;
				ENABLE_TESTABILITY = YES;
				GCC_C_LANGUAGE_STANDARD = gnu11;
				GCC_DYNAMIC_NO_PIC = NO;
				GCC_NO_COMMON_BLOCKS = YES;
				GCC_OPTIMIZATION_LEVEL = 0;
				GCC_PREPROCESSOR_DEFINITIONS = (
					"DEBUG=1",
					"$(inherited)",
				);
				GCC_WARN_64_TO_32_BIT_CONVERSION = YES;
				GCC_WARN_ABOUT_RETURN_TYPE = YES_ERROR;
				GCC_WARN_UNDECLARED_SELECTOR = YES;
				GCC_WARN_UNINITIALIZED_AUTOS = YES_AGGRESSIVE;
				GCC_WARN_UNUSED_FUNCTION = YES;
				GCC_WARN_UNUSED_VARIABLE = YES;
				IPHONEOS_DEPLOYMENT_TARGET = 12.2;
				MTL_ENABLE_DEBUG_INFO = INCLUDE_SOURCE;
				MTL_FAST_MATH = YES;
				ONLY_ACTIVE_ARCH = YES;
				SDKROOT = iphoneos;
				SWIFT_ACTIVE_COMPILATION_CONDITIONS = DEBUG;
				SWIFT_OPTIMIZATION_LEVEL = "-Onone";
			};
			name = Debug;
		};
		21048F5222A75AA7006379FD /* Release */ = {
			isa = XCBuildConfiguration;
			buildSettings = {
				ALWAYS_SEARCH_USER_PATHS = NO;
				CLANG_ANALYZER_NONNULL = YES;
				CLANG_ANALYZER_NUMBER_OBJECT_CONVERSION = YES_AGGRESSIVE;
				CLANG_CXX_LANGUAGE_STANDARD = "gnu++14";
				CLANG_CXX_LIBRARY = "libc++";
				CLANG_ENABLE_MODULES = YES;
				CLANG_ENABLE_OBJC_ARC = YES;
				CLANG_ENABLE_OBJC_WEAK = YES;
				CLANG_WARN_BLOCK_CAPTURE_AUTORELEASING = YES;
				CLANG_WARN_BOOL_CONVERSION = YES;
				CLANG_WARN_COMMA = YES;
				CLANG_WARN_CONSTANT_CONVERSION = YES;
				CLANG_WARN_DEPRECATED_OBJC_IMPLEMENTATIONS = YES;
				CLANG_WARN_DIRECT_OBJC_ISA_USAGE = YES_ERROR;
				CLANG_WARN_DOCUMENTATION_COMMENTS = YES;
				CLANG_WARN_EMPTY_BODY = YES;
				CLANG_WARN_ENUM_CONVERSION = YES;
				CLANG_WARN_INFINITE_RECURSION = YES;
				CLANG_WARN_INT_CONVERSION = YES;
				CLANG_WARN_NON_LITERAL_NULL_CONVERSION = YES;
				CLANG_WARN_OBJC_IMPLICIT_RETAIN_SELF = YES;
				CLANG_WARN_OBJC_LITERAL_CONVERSION = YES;
				CLANG_WARN_OBJC_ROOT_CLASS = YES_ERROR;
				CLANG_WARN_RANGE_LOOP_ANALYSIS = YES;
				CLANG_WARN_STRICT_PROTOTYPES = YES;
				CLANG_WARN_SUSPICIOUS_MOVE = YES;
				CLANG_WARN_UNGUARDED_AVAILABILITY = YES_AGGRESSIVE;
				CLANG_WARN_UNREACHABLE_CODE = YES;
				CLANG_WARN__DUPLICATE_METHOD_MATCH = YES;
				CODE_SIGN_IDENTITY = "iPhone Developer";
				COPY_PHASE_STRIP = NO;
				DEBUG_INFORMATION_FORMAT = "dwarf-with-dsym";
				ENABLE_NS_ASSERTIONS = NO;
				ENABLE_STRICT_OBJC_MSGSEND = YES;
				GCC_C_LANGUAGE_STANDARD = gnu11;
				GCC_NO_COMMON_BLOCKS = YES;
				GCC_WARN_64_TO_32_BIT_CONVERSION = YES;
				GCC_WARN_ABOUT_RETURN_TYPE = YES_ERROR;
				GCC_WARN_UNDECLARED_SELECTOR = YES;
				GCC_WARN_UNINITIALIZED_AUTOS = YES_AGGRESSIVE;
				GCC_WARN_UNUSED_FUNCTION = YES;
				GCC_WARN_UNUSED_VARIABLE = YES;
				IPHONEOS_DEPLOYMENT_TARGET = 12.2;
				MTL_ENABLE_DEBUG_INFO = NO;
				MTL_FAST_MATH = YES;
				SDKROOT = iphoneos;
				SWIFT_COMPILATION_MODE = wholemodule;
				SWIFT_OPTIMIZATION_LEVEL = "-O";
				VALIDATE_PRODUCT = YES;
			};
			name = Release;
		};
		21048F5422A75AA7006379FD /* Debug */ = {
			isa = XCBuildConfiguration;
			buildSettings = {
				ASSETCATALOG_COMPILER_APPICON_NAME = AppIcon;
				CODE_SIGN_STYLE = Automatic;
				DEVELOPMENT_TEAM = 8Z37B34MKC;
				INFOPLIST_FILE = FoodTracker/Info.plist;
				IPHONEOS_DEPLOYMENT_TARGET = 12.1;
				LD_RUNPATH_SEARCH_PATHS = (
					"$(inherited)",
					"@executable_path/Frameworks",
				);
				PRODUCT_BUNDLE_IDENTIFIER = com.webmons.disono.FoodTracker;
				PRODUCT_NAME = "$(TARGET_NAME)";
				SWIFT_VERSION = 5.0;
				TARGETED_DEVICE_FAMILY = "1,2";
			};
			name = Debug;
		};
		21048F5522A75AA7006379FD /* Release */ = {
			isa = XCBuildConfiguration;
			buildSettings = {
				ASSETCATALOG_COMPILER_APPICON_NAME = AppIcon;
				CODE_SIGN_STYLE = Automatic;
				DEVELOPMENT_TEAM = 8Z37B34MKC;
				INFOPLIST_FILE = FoodTracker/Info.plist;
				IPHONEOS_DEPLOYMENT_TARGET = 12.1;
				LD_RUNPATH_SEARCH_PATHS = (
					"$(inherited)",
					"@executable_path/Frameworks",
				);
				PRODUCT_BUNDLE_IDENTIFIER = com.webmons.disono.FoodTracker;
				PRODUCT_NAME = "$(TARGET_NAME)";
				SWIFT_VERSION = 5.0;
				TARGETED_DEVICE_FAMILY = "1,2";
			};
			name = Release;
		};
		21048F5722A75AA7006379FD /* Debug */ = {
			isa = XCBuildConfiguration;
			buildSettings = {
				ALWAYS_EMBED_SWIFT_STANDARD_LIBRARIES = YES;
				BUNDLE_LOADER = "$(TEST_HOST)";
				CODE_SIGN_STYLE = Automatic;
				DEVELOPMENT_TEAM = 8Z37B34MKC;
				INFOPLIST_FILE = FoodTrackerTests/Info.plist;
				LD_RUNPATH_SEARCH_PATHS = (
					"$(inherited)",
					"@executable_path/Frameworks",
					"@loader_path/Frameworks",
				);
				PRODUCT_BUNDLE_IDENTIFIER = com.webmons.disono.FoodTrackerTests;
				PRODUCT_NAME = "$(TARGET_NAME)";
				SWIFT_VERSION = 5.0;
				TARGETED_DEVICE_FAMILY = "1,2";
				TEST_HOST = "$(BUILT_PRODUCTS_DIR)/FoodTracker.app/FoodTracker";
			};
			name = Debug;
		};
		21048F5822A75AA7006379FD /* Release */ = {
			isa = XCBuildConfiguration;
			buildSettings = {
				ALWAYS_EMBED_SWIFT_STANDARD_LIBRARIES = YES;
				BUNDLE_LOADER = "$(TEST_HOST)";
				CODE_SIGN_STYLE = Automatic;
				DEVELOPMENT_TEAM = 8Z37B34MKC;
				INFOPLIST_FILE = FoodTrackerTests/Info.plist;
				LD_RUNPATH_SEARCH_PATHS = (
					"$(inherited)",
					"@executable_path/Frameworks",
					"@loader_path/Frameworks",
				);
				PRODUCT_BUNDLE_IDENTIFIER = com.webmons.disono.FoodTrackerTests;
				PRODUCT_NAME = "$(TARGET_NAME)";
				SWIFT_VERSION = 5.0;
				TARGETED_DEVICE_FAMILY = "1,2";
				TEST_HOST = "$(BUILT_PRODUCTS_DIR)/FoodTracker.app/FoodTracker";
			};
			name = Release;
		};
		21048F5A22A75AA7006379FD /* Debug */ = {
			isa = XCBuildConfiguration;
			buildSettings = {
				ALWAYS_EMBED_SWIFT_STANDARD_LIBRARIES = YES;
				CODE_SIGN_STYLE = Automatic;
				DEVELOPMENT_TEAM = 8Z37B34MKC;
				INFOPLIST_FILE = FoodTrackerUITests/Info.plist;
				LD_RUNPATH_SEARCH_PATHS = (
					"$(inherited)",
					"@executable_path/Frameworks",
					"@loader_path/Frameworks",
				);
				PRODUCT_BUNDLE_IDENTIFIER = com.webmons.disono.FoodTrackerUITests;
				PRODUCT_NAME = "$(TARGET_NAME)";
				SWIFT_VERSION = 5.0;
				TARGETED_DEVICE_FAMILY = "1,2";
				TEST_TARGET_NAME = FoodTracker;
			};
			name = Debug;
		};
		21048F5B22A75AA7006379FD /* Release */ = {
			isa = XCBuildConfiguration;
			buildSettings = {
				ALWAYS_EMBED_SWIFT_STANDARD_LIBRARIES = YES;
				CODE_SIGN_STYLE = Automatic;
				DEVELOPMENT_TEAM = 8Z37B34MKC;
				INFOPLIST_FILE = FoodTrackerUITests/Info.plist;
				LD_RUNPATH_SEARCH_PATHS = (
					"$(inherited)",
					"@executable_path/Frameworks",
					"@loader_path/Frameworks",
				);
				PRODUCT_BUNDLE_IDENTIFIER = com.webmons.disono.FoodTrackerUITests;
				PRODUCT_NAME = "$(TARGET_NAME)";
				SWIFT_VERSION = 5.0;
				TARGETED_DEVICE_FAMILY = "1,2";
				TEST_TARGET_NAME = FoodTracker;
			};
			name = Release;
		};
/* End XCBuildConfiguration section */

/* Begin XCConfigurationList section */
		21048F2622A75AA5006379FD /* Build configuration list for PBXProject "FoodTracker" */ = {
			isa = XCConfigurationList;
			buildConfigurations = (
				21048F5122A75AA7006379FD /* Debug */,
				21048F5222A75AA7006379FD /* Release */,
			);
			defaultConfigurationIsVisible = 0;
			defaultConfigurationName = Release;
		};
		21048F5322A75AA7006379FD /* Build configuration list for PBXNativeTarget "FoodTracker" */ = {
			isa = XCConfigurationList;
			buildConfigurations = (
				21048F5422A75AA7006379FD /* Debug */,
				21048F5522A75AA7006379FD /* Release */,
			);
			defaultConfigurationIsVisible = 0;
			defaultConfigurationName = Release;
		};
		21048F5622A75AA7006379FD /* Build configuration list for PBXNativeTarget "FoodTrackerTests" */ = {
			isa = XCConfigurationList;
			buildConfigurations = (
				21048F5722A75AA7006379FD /* Debug */,
				21048F5822A75AA7006379FD /* Release */,
			);
			defaultConfigurationIsVisible = 0;
			defaultConfigurationName = Release;
		};
		21048F5922A75AA7006379FD /* Build configuration list for PBXNativeTarget "FoodTrackerUITests" */ = {
			isa = XCConfigurationList;
			buildConfigurations = (
				21048F5A22A75AA7006379FD /* Debug */,
				21048F5B22A75AA7006379FD /* Release */,
			);
			defaultConfigurationIsVisible = 0;
			defaultConfigurationName = Release;
		};
/* End XCConfigurationList section */
	};
	rootObject = 21048F2322A75AA5006379FD /* Project object */;
}
